
Microsoft Visual Studio Solution File, Format Version 12.00
# Visual Studio Version 16
VisualStudioVersion = 16.0.30225.117
MinimumVisualStudioVersion = 10.0.40219.1
Project("{FAE04EC0-301F-11D3-BF4B-00C04F79EFBC}") = "PickRandomCards", "PickRandomCards\PickRandomCards.csproj", "{55124454-3048-4CF3-8FEE-471A9D0355FE}"
EndProject
Global
	GlobalSection(SolutionConfigurationPlatforms) = preSolution
		Debug|Any CPU = Debug|Any CPU
		Release|Any CPU = Release|Any CPU
	EndGlobalSection
	GlobalSection(ProjectConfigurationPlatforms) = postSolution
		{55124454-3048-4CF3-8FEE-471A9D0355FE}.Debug|Any CPU.ActiveCfg = Debug|Any CPU
		{55124454-3048-4CF3-8FEE-471A9D0355FE}.Debug|Any CPU.Build.0 = Debug|Any CPU
		{55124454-3048-4CF3-8FEE-471A9D0355FE}.Release|Any CPU.ActiveCfg = Release|Any CPU
		{55124454-3048-4CF3-8FEE-471A9D0355FE}.Release|Any CPU.Build.0 = Release|Any CPU
	EndGlobalSection
	GlobalSection(SolutionProperties) = preSolution
		HideSolutionNode = FALSE
	EndGlobalSection
	GlobalSection(ExtensibilityGlobals) = postSolution
		SolutionGuid = {4D2C8376-026D-4120-853E-DA04CCC19E0C}
	EndGlobalSection
EndGlobal
